<?xml version="1.0" encoding="utf-8"?>
<Project ToolsVersion="4.0" xmlns="http://schemas.microsoft.com/developer/msbuild/2003">
  <ItemGroup>
    <Filter Include="Include">
      <UniqueIdentifier>{6917EFFE-D5F6-6D9A-DE0E-F9704A6DD4FB}</UniqueIdentifier>
    </Filter>
    <Filter Include="Include\Application">
      <UniqueIdentifier>{ACB801B6-181A-DFC3-A187-25760DE81583}</UniqueIdentifier>
    </Filter>
    <Filter Include="Include\Core">
      <UniqueIdentifier>{61455C4B-4DA8-EBEF-F62D-24A6E26FB772}</UniqueIdentifier>
    </Filter>
    <Filter Include="Include\GameObject">
      <UniqueIdentifier>{49BE10D1-35A2-D126-9E02-CC798A05BCA8}</UniqueIdentifier>
    </Filter>
    <Filter Include="Include\Log">
      <UniqueIdentifier>{BABB2986-2671-A27B-AF65-9C521B1A997F}</UniqueIdentifier>
    </Filter>
    <Filter Include="Include\Utils">
      <UniqueIdentifier>{89432DB8-F503-A9EE-BE3E-F26B2ABEEDCA}</UniqueIdentifier>
    </Filter>
    <Filter Include="Source">
      <UniqueIdentifier>{56EB95D1-428D-C0A7-2B48-D4FB178947F8}</UniqueIdentifier>
    </Filter>
    <Filter Include="Source\Application">
      <UniqueIdentifier>{19D87881-05BC-39D7-6E1C-342A5A1F2459}</UniqueIdentifier>
    </Filter>
    <Filter Include="Source\Core">
      <UniqueIdentifier>{6E95150F-DA4A-8E04-633F-88DBCFF38408}</UniqueIdentifier>
    </Filter>
    <Filter Include="Source\GameObject">
      <UniqueIdentifier>{16243BD7-823A-396D-CBB1-C48E37070AF5}</UniqueIdentifier>
    </Filter>
    <Filter Include="Source\Log">
      <UniqueIdentifier>{27BEC236-1376-0484-7C7D-DDDF68549F74}</UniqueIdentifier>
    </Filter>
    <Filter Include="Source\Utils">
      <UniqueIdentifier>{369510F3-22F8-9F97-CB7D-D84DB7BF6B1A}</UniqueIdentifier>
    </Filter>
  </ItemGroup>
  <ItemGroup>
    <ClInclude Include="Include\Application\Application.h">
      <Filter>Include\Application</Filter>
    </ClInclude>
    <ClInclude Include="Include\Core\Core.h">
      <Filter>Include\Core</Filter>
    </ClInclude>
    <ClInclude Include="Include\Core\JemPCH.h">
      <Filter>Include\Core</Filter>
    </ClInclude>
    <ClInclude Include="Include\GameObject\Component.h">
      <Filter>Include\GameObject</Filter>
    </ClInclude>
    <ClInclude Include="Include\GameObject\Components.h">
      <Filter>Include\GameObject</Filter>
    </ClInclude>
    <ClInclude Include="Include\GameObject\GameObject.h">
      <Filter>Include\GameObject</Filter>
    </ClInclude>
    <ClInclude Include="Include\GameObject\TransformComponent.h">
      <Filter>Include\GameObject</Filter>
    </ClInclude>
    <ClInclude Include="Include\Jem.h">
      <Filter>Include</Filter>
    </ClInclude>
    <ClInclude Include="Include\Log\Log.h">
      <Filter>Include\Log</Filter>
    </ClInclude>
    <ClInclude Include="Include\Utils\StringID.h">
      <Filter>Include\Utils</Filter>
    </ClInclude>
  </ItemGroup>
  <ItemGroup>
    <ClCompile Include="Source\Application\Application.cpp">
      <Filter>Source\Application</Filter>
    </ClCompile>
    <ClCompile Include="Source\Core\JemPCH.cpp">
      <Filter>Source\Core</Filter>
    </ClCompile>
    <ClCompile Include="Source\GameObject\Component.cpp">
      <Filter>Source\GameObject</Filter>
    </ClCompile>
    <ClCompile Include="Source\GameObject\TransformComponent.cpp">
      <Filter>Source\GameObject</Filter>
    </ClCompile>
    <ClCompile Include="Source\Log\Log.cpp">
      <Filter>Source\Log</Filter>
    </ClCompile>
    <ClCompile Include="Source\Utils\StringID.cpp">
      <Filter>Source\Utils</Filter>
    </ClCompile>
  </ItemGroup>
</Project>